
Microsoft Visual Studio Solution File, Format Version 12.00
# Visual Studio Version 17
VisualStudioVersion = 17.11.35312.102
MinimumVisualStudioVersion = 10.0.40219.1
Project("{FAE04EC0-301F-11D3-BF4B-00C04F79EFBC}") = "Dependency", "Dependency.csproj", "{BDBDD071-CD93-4727-B7E3-6761293C6D50}"
EndProject
Global
	GlobalSection(SolutionConfigurationPlatforms) = preSolution
		Debug|Any CPU = Debug|Any CPU
		Release|Any CPU = Release|Any CPU
	EndGlobalSection
	GlobalSection(ProjectConfigurationPlatforms) = postSolution
		{BDBDD071-CD93-4727-B7E3-6761293C6D50}.Debug|Any CPU.ActiveCfg = Debug|Any CPU
		{BDBDD071-CD93-4727-B7E3-6761293C6D50}.Debug|Any CPU.Build.0 = Debug|Any CPU
		{BDBDD071-CD93-4727-B7E3-6761293C6D50}.Release|Any CPU.ActiveCfg = Release|Any CPU
		{BDBDD071-CD93-4727-B7E3-6761293C6D50}.Release|Any CPU.Build.0 = Release|Any CPU
	EndGlobalSection
	GlobalSection(SolutionProperties) = preSolution
		HideSolutionNode = FALSE
	EndGlobalSection
	GlobalSection(ExtensibilityGlobals) = postSolution
		SolutionGuid = {FF1AB161-6D31-4FE5-AE8A-5B3989DC4D75}
	EndGlobalSection
EndGlobal
